// !$*UTF8*$!
{
	archiveVersion = 1;
	classes = {
	};
	objectVersion = 56;
	objects = {

/* Begin PBXBuildFile section */
		1750F60E2BD7E56E004CB512 /* AppDelegate.swift in Sources */ = {isa = PBXBuildFile; fileRef = 1750F60D2BD7E56E004CB512 /* AppDelegate.swift */; };
		1750F6102BD7E56E004CB512 /* SceneDelegate.swift in Sources */ = {isa = PBXBuildFile; fileRef = 1750F60F2BD7E56E004CB512 /* SceneDelegate.swift */; };
		1750F6122BD7E56E004CB512 /* ViewController.swift in Sources */ = {isa = PBXBuildFile; fileRef = 1750F6112BD7E56E004CB512 /* ViewController.swift */; };
		1750F6152BD7E56E004CB512 /* Base in Resources */ = {isa = PBXBuildFile; fileRef = 1750F6142BD7E56E004CB512 /* Base */; };
		1750F6172BD7E570004CB512 /* Assets.xcassets in Resources */ = {isa = PBXBuildFile; fileRef = 1750F6162BD7E570004CB512 /* Assets.xcassets */; };
		1750F61A2BD7E570004CB512 /* Base in Resources */ = {isa = PBXBuildFile; fileRef = 1750F6192BD7E570004CB512 /* Base */; };
		1750F6252BD7E86A004CB512 /* Crypto.swift in Sources */ = {isa = PBXBuildFile; fileRef = 1750F6242BD7E86A004CB512 /* Crypto.swift */; };
		1750F6282BD7EBFC004CB512 /* Webservice.swift in Sources */ = {isa = PBXBuildFile; fileRef = 1750F6272BD7EBFC004CB512 /* Webservice.swift */; };
		1750F62A2BD7F32D004CB512 /* CryptoViewModel.swift in Sources */ = {isa = PBXBuildFile; fileRef = 1750F6292BD7F32D004CB512 /* CryptoViewModel.swift */; };
		1750F62D2BD7F62A004CB512 /* RxCocoa in Frameworks */ = {isa = PBXBuildFile; productRef = 1750F62C2BD7F62A004CB512 /* RxCocoa */; };
		1750F62F2BD7F62A004CB512 /* RxSwift in Frameworks */ = {isa = PBXBuildFile; productRef = 1750F62E2BD7F62A004CB512 /* RxSwift */; };
/* End PBXBuildFile section */

/* Begin PBXFileReference section */
		1750F60A2BD7E56E004CB512 /* Crypto-Rx-MVVM.app */ = {isa = PBXFileReference; explicitFileType = wrapper.application; includeInIndex = 0; path = "Crypto-Rx-MVVM.app"; sourceTree = BUILT_PRODUCTS_DIR; };
		1750F60D2BD7E56E004CB512 /* AppDelegate.swift */ = {isa = PBXFileReference; lastKnownFileType = sourcecode.swift; path = AppDelegate.swift; sourceTree = "<group>"; };
		1750F60F2BD7E56E004CB512 /* SceneDelegate.swift */ = {isa = PBXFileReference; lastKnownFileType = sourcecode.swift; path = SceneDelegate.swift; sourceTree = "<group>"; };
		1750F6112BD7E56E004CB512 /* ViewController.swift */ = {isa = PBXFileReference; lastKnownFileType = sourcecode.swift; path = ViewController.swift; sourceTree = "<group>"; };
		1750F6142BD7E56E004CB512 /* Base */ = {isa = PBXFileReference; lastKnownFileType = file.storyboard; name = Base; path = Base.lproj/Main.storyboard; sourceTree = "<group>"; };
		1750F6162BD7E570004CB512 /* Assets.xcassets */ = {isa = PBXFileReference; lastKnownFileType = folder.assetcatalog; path = Assets.xcassets; sourceTree = "<group>"; };
		1750F6192BD7E570004CB512 /* Base */ = {isa = PBXFileReference; lastKnownFileType = file.storyboard; name = Base; path = Base.lproj/LaunchScreen.storyboard; sourceTree = "<group>"; };
		1750F61B2BD7E570004CB512 /* Info.plist */ = {isa = PBXFileReference; lastKnownFileType = text.plist.xml; path = Info.plist; sourceTree = "<group>"; };
		1750F6242BD7E86A004CB512 /* Crypto.swift */ = {isa = PBXFileReference; lastKnownFileType = sourcecode.swift; path = Crypto.swift; sourceTree = "<group>"; };
		1750F6272BD7EBFC004CB512 /* Webservice.swift */ = {isa = PBXFileReference; lastKnownFileType = sourcecode.swift; path = Webservice.swift; sourceTree = "<group>"; };
		1750F6292BD7F32D004CB512 /* CryptoViewModel.swift */ = {isa = PBXFileReference; lastKnownFileType = sourcecode.swift; path = CryptoViewModel.swift; sourceTree = "<group>"; };
/* End PBXFileReference section */

/* Begin PBXFrameworksBuildPhase section */
		1750F6072BD7E56E004CB512 /* Frameworks */ = {
			isa = PBXFrameworksBuildPhase;
			buildActionMask = 2147483647;
			files = (
				1750F62F2BD7F62A004CB512 /* RxSwift in Frameworks */,
				1750F62D2BD7F62A004CB512 /* RxCocoa in Frameworks */,
			);
			runOnlyForDeploymentPostprocessing = 0;
		};
/* End PBXFrameworksBuildPhase section */

/* Begin PBXGroup section */
		1750F6012BD7E56E004CB512 = {
			isa = PBXGroup;
			children = (
				1750F60C2BD7E56E004CB512 /* Crypto-Rx-MVVM */,
				1750F60B2BD7E56E004CB512 /* Products */,
			);
			sourceTree = "<group>";
		};
		1750F60B2BD7E56E004CB512 /* Products */ = {
			isa = PBXGroup;
			children = (
				1750F60A2BD7E56E004CB512 /* Crypto-Rx-MVVM.app */,
			);
			name = Products;
			sourceTree = "<group>";
		};
		1750F60C2BD7E56E004CB512 /* Crypto-Rx-MVVM */ = {
			isa = PBXGroup;
			children = (
				1750F6262BD7EBEE004CB512 /* Service */,
				1750F6232BD7E75B004CB512 /* Model */,
				1750F6222BD7E752004CB512 /* ViewModel */,
				1750F6212BD7E74A004CB512 /* View */,
				1750F6132BD7E56E004CB512 /* Main.storyboard */,
				1750F6162BD7E570004CB512 /* Assets.xcassets */,
				1750F6182BD7E570004CB512 /* LaunchScreen.storyboard */,
				1750F61B2BD7E570004CB512 /* Info.plist */,
			);
			path = "Crypto-Rx-MVVM";
			sourceTree = "<group>";
		};
		1750F6212BD7E74A004CB512 /* View */ = {
			isa = PBXGroup;
			children = (
				1750F60D2BD7E56E004CB512 /* AppDelegate.swift */,
				1750F60F2BD7E56E004CB512 /* SceneDelegate.swift */,
				1750F6112BD7E56E004CB512 /* ViewController.swift */,
			);
			path = View;
			sourceTree = "<group>";
		};
		1750F6222BD7E752004CB512 /* ViewModel */ = {
			isa = PBXGroup;
			children = (
				1750F6292BD7F32D004CB512 /* CryptoViewModel.swift */,
			);
			path = ViewModel;
			sourceTree = "<group>";
		};
		1750F6232BD7E75B004CB512 /* Model */ = {
			isa = PBXGroup;
			children = (
				1750F6242BD7E86A004CB512 /* Crypto.swift */,
			);
			path = Model;
			sourceTree = "<group>";
		};
		1750F6262BD7EBEE004CB512 /* Service */ = {
			isa = PBXGroup;
			children = (
				1750F6272BD7EBFC004CB512 /* Webservice.swift */,
			);
			path = Service;
			sourceTree = "<group>";
		};
/* End PBXGroup section */

/* Begin PBXNativeTarget section */
		1750F6092BD7E56E004CB512 /* Crypto-Rx-MVVM */ = {
			isa = PBXNativeTarget;
			buildConfigurationList = 1750F61E2BD7E570004CB512 /* Build configuration list for PBXNativeTarget "Crypto-Rx-MVVM" */;
			buildPhases = (
				1750F6062BD7E56E004CB512 /* Sources */,
				1750F6072BD7E56E004CB512 /* Frameworks */,
				1750F6082BD7E56E004CB512 /* Resources */,
			);
			buildRules = (
			);
			dependencies = (
			);
			name = "Crypto-Rx-MVVM";
			packageProductDependencies = (
				1750F62C2BD7F62A004CB512 /* RxCocoa */,
				1750F62E2BD7F62A004CB512 /* RxSwift */,
			);
			productName = "Crypto-Rx-MVVM";
			productReference = 1750F60A2BD7E56E004CB512 /* Crypto-Rx-MVVM.app */;
			productType = "com.apple.product-type.application";
		};
/* End PBXNativeTarget section */

/* Begin PBXProject section */
		1750F6022BD7E56E004CB512 /* Project object */ = {
			isa = PBXProject;
			attributes = {
				BuildIndependentTargetsInParallel = 1;
				LastSwiftUpdateCheck = 1530;
				LastUpgradeCheck = 1530;
				TargetAttributes = {
					1750F6092BD7E56E004CB512 = {
						CreatedOnToolsVersion = 15.3;
					};
				};
			};
			buildConfigurationList = 1750F6052BD7E56E004CB512 /* Build configuration list for PBXProject "Crypto-Rx-MVVM" */;
			compatibilityVersion = "Xcode 14.0";
			developmentRegion = en;
			hasScannedForEncodings = 0;
			knownRegions = (
				en,
				Base,
			);
			mainGroup = 1750F6012BD7E56E004CB512;
			packageReferences = (
				1750F62B2BD7F62A004CB512 /* XCRemoteSwiftPackageReference "RxSwift" */,
			);
			productRefGroup = 1750F60B2BD7E56E004CB512 /* Products */;
			projectDirPath = "";
			projectRoot = "";
			targets = (
				1750F6092BD7E56E004CB512 /* Crypto-Rx-MVVM */,
			);
		};
/* End PBXProject section */

/* Begin PBXResourcesBuildPhase section */
		1750F6082BD7E56E004CB512 /* Resources */ = {
			isa = PBXResourcesBuildPhase;
			buildActionMask = 2147483647;
			files = (
				1750F6172BD7E570004CB512 /* Assets.xcassets in Resources */,
				1750F61A2BD7E570004CB512 /* Base in Resources */,
				1750F6152BD7E56E004CB512 /* Base in Resources */,
			);
			runOnlyForDeploymentPostprocessing = 0;
		};
/* End PBXResourcesBuildPhase section */

/* Begin PBXSourcesBuildPhase section */
		1750F6062BD7E56E004CB512 /* Sources */ = {
			isa = PBXSourcesBuildPhase;
			buildActionMask = 2147483647;
			files = (
				1750F6252BD7E86A004CB512 /* Crypto.swift in Sources */,
				1750F6122BD7E56E004CB512 /* ViewController.swift in Sources */,
				1750F60E2BD7E56E004CB512 /* AppDelegate.swift in Sources */,
				1750F6282BD7EBFC004CB512 /* Webservice.swift in Sources */,
				1750F6102BD7E56E004CB512 /* SceneDelegate.swift in Sources */,
				1750F62A2BD7F32D004CB512 /* CryptoViewModel.swift in Sources */,
			);
			runOnlyForDeploymentPostprocessing = 0;
		};
/* End PBXSourcesBuildPhase section */

/* Begin PBXVariantGroup section */
		1750F6132BD7E56E004CB512 /* Main.storyboard */ = {
			isa = PBXVariantGroup;
			children = (
				1750F6142BD7E56E004CB512 /* Base */,
			);
			name = Main.storyboard;
			sourceTree = "<group>";
		};
		1750F6182BD7E570004CB512 /* LaunchScreen.storyboard */ = {
			isa = PBXVariantGroup;
			children = (
				1750F6192BD7E570004CB512 /* Base */,
			);
			name = LaunchScreen.storyboard;
			sourceTree = "<group>";
		};
/* End PBXVariantGroup section */

/* Begin XCBuildConfiguration section */
		1750F61C2BD7E570004CB512 /* Debug */ = {
			isa = XCBuildConfiguration;
			buildSettings = {
				ALWAYS_SEARCH_USER_PATHS = NO;
				ASSETCATALOG_COMPILER_GENERATE_SWIFT_ASSET_SYMBOL_EXTENSIONS = YES;
				CLANG_ANALYZER_NONNULL = YES;
				CLANG_ANALYZER_NUMBER_OBJECT_CONVERSION = YES_AGGRESSIVE;
				CLANG_CXX_LANGUAGE_STANDARD = "gnu++20";
				CLANG_ENABLE_MODULES = YES;
				CLANG_ENABLE_OBJC_ARC = YES;
				CLANG_ENABLE_OBJC_WEAK = YES;
				CLANG_WARN_BLOCK_CAPTURE_AUTORELEASING = YES;
				CLANG_WARN_BOOL_CONVERSION = YES;
				CLANG_WARN_COMMA = YES;
				CLANG_WARN_CONSTANT_CONVERSION = YES;
				CLANG_WARN_DEPRECATED_OBJC_IMPLEMENTATIONS = YES;
				CLANG_WARN_DIRECT_OBJC_ISA_USAGE = YES_ERROR;
				CLANG_WARN_DOCUMENTATION_COMMENTS = YES;
				CLANG_WARN_EMPTY_BODY = YES;
				CLANG_WARN_ENUM_CONVERSION = YES;
				CLANG_WARN_INFINITE_RECURSION = YES;
				CLANG_WARN_INT_CONVERSION = YES;
				CLANG_WARN_NON_LITERAL_NULL_CONVERSION = YES;
				CLANG_WARN_OBJC_IMPLICIT_RETAIN_SELF = YES;
				CLANG_WARN_OBJC_LITERAL_CONVERSION = YES;
				CLANG_WARN_OBJC_ROOT_CLASS = YES_ERROR;
				CLANG_WARN_QUOTED_INCLUDE_IN_FRAMEWORK_HEADER = YES;
				CLANG_WARN_RANGE_LOOP_ANALYSIS = YES;
				CLANG_WARN_STRICT_PROTOTYPES = YES;
				CLANG_WARN_SUSPICIOUS_MOVE = YES;
				CLANG_WARN_UNGUARDED_AVAILABILITY = YES_AGGRESSIVE;
				CLANG_WARN_UNREACHABLE_CODE = YES;
				CLANG_WARN__DUPLICATE_METHOD_MATCH = YES;
				COPY_PHASE_STRIP = NO;
				DEBUG_INFORMATION_FORMAT = dwarf;
				ENABLE_STRICT_OBJC_MSGSEND = YES;
				ENABLE_TESTABILITY = YES;
				ENABLE_USER_SCRIPT_SANDBOXING = YES;
				GCC_C_LANGUAGE_STANDARD = gnu17;
				GCC_DYNAMIC_NO_PIC = NO;
				GCC_NO_COMMON_BLOCKS = YES;
				GCC_OPTIMIZATION_LEVEL = 0;
				GCC_PREPROCESSOR_DEFINITIONS = (
					"DEBUG=1",
					"$(inherited)",
				);
				GCC_WARN_64_TO_32_BIT_CONVERSION = YES;
				GCC_WARN_ABOUT_RETURN_TYPE = YES_ERROR;
				GCC_WARN_UNDECLARED_SELECTOR = YES;
				GCC_WARN_UNINITIALIZED_AUTOS = YES_AGGRESSIVE;
				GCC_WARN_UNUSED_FUNCTION = YES;
				GCC_WARN_UNUSED_VARIABLE = YES;
				IPHONEOS_DEPLOYMENT_TARGET = 17.4;
				LOCALIZATION_PREFERS_STRING_CATALOGS = YES;
				MTL_ENABLE_DEBUG_INFO = INCLUDE_SOURCE;
				MTL_FAST_MATH = YES;
				ONLY_ACTIVE_ARCH = YES;
				SDKROOT = iphoneos;
				SWIFT_ACTIVE_COMPILATION_CONDITIONS = "DEBUG $(inherited)";
				SWIFT_OPTIMIZATION_LEVEL = "-Onone";
			};
			name = Debug;
		};
		1750F61D2BD7E570004CB512 /* Release */ = {
			isa = XCBuildConfiguration;
			buildSettings = {
				ALWAYS_SEARCH_USER_PATHS = NO;
				ASSETCATALOG_COMPILER_GENERATE_SWIFT_ASSET_SYMBOL_EXTENSIONS = YES;
				CLANG_ANALYZER_NONNULL = YES;
				CLANG_ANALYZER_NUMBER_OBJECT_CONVERSION = YES_AGGRESSIVE;
				CLANG_CXX_LANGUAGE_STANDARD = "gnu++20";
				CLANG_ENABLE_MODULES = YES;
				CLANG_ENABLE_OBJC_ARC = YES;
				CLANG_ENABLE_OBJC_WEAK = YES;
				CLANG_WARN_BLOCK_CAPTURE_AUTORELEASING = YES;
				CLANG_WARN_BOOL_CONVERSION = YES;
				CLANG_WARN_COMMA = YES;
				CLANG_WARN_CONSTANT_CONVERSION = YES;
				CLANG_WARN_DEPRECATED_OBJC_IMPLEMENTATIONS = YES;
				CLANG_WARN_DIRECT_OBJC_ISA_USAGE = YES_ERROR;
				CLANG_WARN_DOCUMENTATION_COMMENTS = YES;
				CLANG_WARN_EMPTY_BODY = YES;
				CLANG_WARN_ENUM_CONVERSION = YES;
				CLANG_WARN_INFINITE_RECURSION = YES;
				CLANG_WARN_INT_CONVERSION = YES;
				CLANG_WARN_NON_LITERAL_NULL_CONVERSION = YES;
				CLANG_WARN_OBJC_IMPLICIT_RETAIN_SELF = YES;
				CLANG_WARN_OBJC_LITERAL_CONVERSION = YES;
				CLANG_WARN_OBJC_ROOT_CLASS = YES_ERROR;
				CLANG_WARN_QUOTED_INCLUDE_IN_FRAMEWORK_HEADER = YES;
				CLANG_WARN_RANGE_LOOP_ANALYSIS = YES;
				CLANG_WARN_STRICT_PROTOTYPES = YES;
				CLANG_WARN_SUSPICIOUS_MOVE = YES;
				CLANG_WARN_UNGUARDED_AVAILABILITY = YES_AGGRESSIVE;
				CLANG_WARN_UNREACHABLE_CODE = YES;
				CLANG_WARN__DUPLICATE_METHOD_MATCH = YES;
				COPY_PHASE_STRIP = NO;
				DEBUG_INFORMATION_FORMAT = "dwarf-with-dsym";
				ENABLE_NS_ASSERTIONS = NO;
				ENABLE_STRICT_OBJC_MSGSEND = YES;
				ENABLE_USER_SCRIPT_SANDBOXING = YES;
				GCC_C_LANGUAGE_STANDARD = gnu17;
				GCC_NO_COMMON_BLOCKS = YES;
				GCC_WARN_64_TO_32_BIT_CONVERSION = YES;
				GCC_WARN_ABOUT_RETURN_TYPE = YES_ERROR;
				GCC_WARN_UNDECLARED_SELECTOR = YES;
				GCC_WARN_UNINITIALIZED_AUTOS = YES_AGGRESSIVE;
				GCC_WARN_UNUSED_FUNCTION = YES;
				GCC_WARN_UNUSED_VARIABLE = YES;
				IPHONEOS_DEPLOYMENT_TARGET = 17.4;
				LOCALIZATION_PREFERS_STRING_CATALOGS = YES;
				MTL_ENABLE_DEBUG_INFO = NO;
				MTL_FAST_MATH = YES;
				SDKROOT = iphoneos;
				SWIFT_COMPILATION_MODE = wholemodule;
				VALIDATE_PRODUCT = YES;
			};
			name = Release;
		};
		1750F61F2BD7E570004CB512 /* Debug */ = {
			isa = XCBuildConfiguration;
			buildSettings = {
				ASSETCATALOG_COMPILER_APPICON_NAME = AppIcon;
				ASSETCATALOG_COMPILER_GLOBAL_ACCENT_COLOR_NAME = AccentColor;
				CODE_SIGN_STYLE = Automatic;
				CURRENT_PROJECT_VERSION = 1;
				DEVELOPMENT_TEAM = PDGSV55NXV;
				GENERATE_INFOPLIST_FILE = YES;
				INFOPLIST_FILE = "Crypto-Rx-MVVM/Info.plist";
				INFOPLIST_KEY_UIApplicationSupportsIndirectInputEvents = YES;
				INFOPLIST_KEY_UILaunchStoryboardName = LaunchScreen;
				INFOPLIST_KEY_UIMainStoryboardFile = Main;
				INFOPLIST_KEY_UISupportedInterfaceOrientations_iPad = "UIInterfaceOrientationPortrait UIInterfaceOrientationPortraitUpsideDown UIInterfaceOrientationLandscapeLeft UIInterfaceOrientationLandscapeRight";
				INFOPLIST_KEY_UISupportedInterfaceOrientations_iPhone = "UIInterfaceOrientationPortrait UIInterfaceOrientationLandscapeLeft UIInterfaceOrientationLandscapeRight";
				LD_RUNPATH_SEARCH_PATHS = (
					"$(inherited)",
					"@executable_path/Frameworks",
				);
				MARKETING_VERSION = 1.0;
				PRODUCT_BUNDLE_IDENTIFIER = "com.omerkeskin.Crypto-Rx-MVVM";
				PRODUCT_NAME = "$(TARGET_NAME)";
				SWIFT_EMIT_LOC_STRINGS = YES;
				SWIFT_VERSION = 5.0;
				TARGETED_DEVICE_FAMILY = "1,2";
			};
			name = Debug;
		};
		1750F6202BD7E570004CB512 /* Release */ = {
			isa = XCBuildConfiguration;
			buildSettings = {
				ASSETCATALOG_COMPILER_APPICON_NAME = AppIcon;
				ASSETCATALOG_COMPILER_GLOBAL_ACCENT_COLOR_NAME = AccentColor;
				CODE_SIGN_STYLE = Automatic;
				CURRENT_PROJECT_VERSION = 1;
				DEVELOPMENT_TEAM = PDGSV55NXV;
				GENERATE_INFOPLIST_FILE = YES;
				INFOPLIST_FILE = "Crypto-Rx-MVVM/Info.plist";
				INFOPLIST_KEY_UIApplicationSupportsIndirectInputEvents = YES;
				INFOPLIST_KEY_UILaunchStoryboardName = LaunchScreen;
				INFOPLIST_KEY_UIMainStoryboardFile = Main;
				INFOPLIST_KEY_UISupportedInterfaceOrientations_iPad = "UIInterfaceOrientationPortrait UIInterfaceOrientationPortraitUpsideDown UIInterfaceOrientationLandscapeLeft UIInterfaceOrientationLandscapeRight";
				INFOPLIST_KEY_UISupportedInterfaceOrientations_iPhone = "UIInterfaceOrientationPortrait UIInterfaceOrientationLandscapeLeft UIInterfaceOrientationLandscapeRight";
				LD_RUNPATH_SEARCH_PATHS = (
					"$(inherited)",
					"@executable_path/Frameworks",
				);
				MARKETING_VERSION = 1.0;
				PRODUCT_BUNDLE_IDENTIFIER = "com.omerkeskin.Crypto-Rx-MVVM";
				PRODUCT_NAME = "$(TARGET_NAME)";
				SWIFT_EMIT_LOC_STRINGS = YES;
				SWIFT_VERSION = 5.0;
				TARGETED_DEVICE_FAMILY = "1,2";
			};
			name = Release;
		};
/* End XCBuildConfiguration section */

/* Begin XCConfigurationList section */
		1750F6052BD7E56E004CB512 /* Build configuration list for PBXProject "Crypto-Rx-MVVM" */ = {
			isa = XCConfigurationList;
			buildConfigurations = (
				1750F61C2BD7E570004CB512 /* Debug */,
				1750F61D2BD7E570004CB512 /* Release */,
			);
			defaultConfigurationIsVisible = 0;
			defaultConfigurationName = Release;
		};
		1750F61E2BD7E570004CB512 /* Build configuration list for PBXNativeTarget "Crypto-Rx-MVVM" */ = {
			isa = XCConfigurationList;
			buildConfigurations = (
				1750F61F2BD7E570004CB512 /* Debug */,
				1750F6202BD7E570004CB512 /* Release */,
			);
			defaultConfigurationIsVisible = 0;
			defaultConfigurationName = Release;
		};
/* End XCConfigurationList section */

/* Begin XCRemoteSwiftPackageReference section */
		1750F62B2BD7F62A004CB512 /* XCRemoteSwiftPackageReference "RxSwift" */ = {
			isa = XCRemoteSwiftPackageReference;
			repositoryURL = "https://github.com/ReactiveX/RxSwift.git";
			requirement = {
				kind = upToNextMajorVersion;
				minimumVersion = 6.7.0;
			};
		};
/* End XCRemoteSwiftPackageReference section */

/* Begin XCSwiftPackageProductDependency section */
		1750F62C2BD7F62A004CB512 /* RxCocoa */ = {
			isa = XCSwiftPackageProductDependency;
			package = 1750F62B2BD7F62A004CB512 /* XCRemoteSwiftPackageReference "RxSwift" */;
			productName = RxCocoa;
		};
		1750F62E2BD7F62A004CB512 /* RxSwift */ = {
			isa = XCSwiftPackageProductDependency;
			package = 1750F62B2BD7F62A004CB512 /* XCRemoteSwiftPackageReference "RxSwift" */;
			productName = RxSwift;
		};
/* End XCSwiftPackageProductDependency section */
	};
	rootObject = 1750F6022BD7E56E004CB512 /* Project object */;
}
